
Microsoft Visual Studio Solution File, Format Version 12.00
# Visual Studio Version 17
VisualStudioVersion = 17.3.32901.215
MinimumVisualStudioVersion = 10.0.40219.1
Project("{9A19103F-16F7-4668-BE54-9A1E7A4F7556}") = "RestMng.Core", "RestMng.Core\RestMng.Core.csproj", "{2355DB32-59CC-4A27-9E5E-B2E66319239E}"
EndProject
Project("{FAE04EC0-301F-11D3-BF4B-00C04F79EFBC}") = "RestMng.Domain", "RestMng.Domain\RestMng.Domain.csproj", "{DFA5E12F-E3DC-40C9-8D83-825C1B0DD28B}"
EndProject
Project("{FAE04EC0-301F-11D3-BF4B-00C04F79EFBC}") = "RestMng.Infrastructure", "RestMng.Infrastructure\RestMng.Infrastructure.csproj", "{96E8B6B0-574C-4EA1-BEB6-CDF5958B243F}"
EndProject
Project("{FAE04EC0-301F-11D3-BF4B-00C04F79EFBC}") = "RestMng.API", "RestMng.API\RestMng.API.csproj", "{C9C1C1E3-CA82-42B6-8FF2-16332CD0E50A}"
EndProject
Global
	GlobalSection(SolutionConfigurationPlatforms) = preSolution
		Debug|Any CPU = Debug|Any CPU
		Release|Any CPU = Release|Any CPU
	EndGlobalSection
	GlobalSection(ProjectConfigurationPlatforms) = postSolution
		{2355DB32-59CC-4A27-9E5E-B2E66319239E}.Debug|Any CPU.ActiveCfg = Debug|Any CPU
		{2355DB32-59CC-4A27-9E5E-B2E66319239E}.Debug|Any CPU.Build.0 = Debug|Any CPU
		{2355DB32-59CC-4A27-9E5E-B2E66319239E}.Release|Any CPU.ActiveCfg = Release|Any CPU
		{2355DB32-59CC-4A27-9E5E-B2E66319239E}.Release|Any CPU.Build.0 = Release|Any CPU
		{DFA5E12F-E3DC-40C9-8D83-825C1B0DD28B}.Debug|Any CPU.ActiveCfg = Debug|Any CPU
		{DFA5E12F-E3DC-40C9-8D83-825C1B0DD28B}.Debug|Any CPU.Build.0 = Debug|Any CPU
		{DFA5E12F-E3DC-40C9-8D83-825C1B0DD28B}.Release|Any CPU.ActiveCfg = Release|Any CPU
		{DFA5E12F-E3DC-40C9-8D83-825C1B0DD28B}.Release|Any CPU.Build.0 = Release|Any CPU
		{96E8B6B0-574C-4EA1-BEB6-CDF5958B243F}.Debug|Any CPU.ActiveCfg = Debug|Any CPU
		{96E8B6B0-574C-4EA1-BEB6-CDF5958B243F}.Debug|Any CPU.Build.0 = Debug|Any CPU
		{96E8B6B0-574C-4EA1-BEB6-CDF5958B243F}.Release|Any CPU.ActiveCfg = Release|Any CPU
		{96E8B6B0-574C-4EA1-BEB6-CDF5958B243F}.Release|Any CPU.Build.0 = Release|Any CPU
		{C9C1C1E3-CA82-42B6-8FF2-16332CD0E50A}.Debug|Any CPU.ActiveCfg = Debug|Any CPU
		{C9C1C1E3-CA82-42B6-8FF2-16332CD0E50A}.Debug|Any CPU.Build.0 = Debug|Any CPU
		{C9C1C1E3-CA82-42B6-8FF2-16332CD0E50A}.Release|Any CPU.ActiveCfg = Release|Any CPU
		{C9C1C1E3-CA82-42B6-8FF2-16332CD0E50A}.Release|Any CPU.Build.0 = Release|Any CPU
	EndGlobalSection
	GlobalSection(SolutionProperties) = preSolution
		HideSolutionNode = FALSE
	EndGlobalSection
	GlobalSection(ExtensibilityGlobals) = postSolution
		SolutionGuid = {4BBC020B-E32F-4B2D-A732-9AF5D9D3F867}
	EndGlobalSection
EndGlobal
